
Microsoft Visual Studio Solution File, Format Version 12.00
# Visual Studio 14
VisualStudioVersion = 14.0.24720.0
MinimumVisualStudioVersion = 10.0.40219.1
Project("{FAE04EC0-301F-11D3-BF4B-00C04F79EFBC}") = "Swap", "Swap\Swap.csproj", "{32153784-5B9A-4E6E-91A5-ADE773A8760F}"
EndProject
Project("{FAE04EC0-301F-11D3-BF4B-00C04F79EFBC}") = "UnitTestProject1", "UnitTestProject1\UnitTestProject1.csproj", "{95B8D4FA-D4D2-4C8A-A566-19AA2D135906}"
EndProject
Global
	GlobalSection(SolutionConfigurationPlatforms) = preSolution
		Debug|Any CPU = Debug|Any CPU
		Release|Any CPU = Release|Any CPU
	EndGlobalSection
	GlobalSection(ProjectConfigurationPlatforms) = postSolution
		{32153784-5B9A-4E6E-91A5-ADE773A8760F}.Debug|Any CPU.ActiveCfg = Debug|Any CPU
		{32153784-5B9A-4E6E-91A5-ADE773A8760F}.Debug|Any CPU.Build.0 = Debug|Any CPU
		{32153784-5B9A-4E6E-91A5-ADE773A8760F}.Release|Any CPU.ActiveCfg = Release|Any CPU
		{32153784-5B9A-4E6E-91A5-ADE773A8760F}.Release|Any CPU.Build.0 = Release|Any CPU
		{95B8D4FA-D4D2-4C8A-A566-19AA2D135906}.Debug|Any CPU.ActiveCfg = Debug|Any CPU
		{95B8D4FA-D4D2-4C8A-A566-19AA2D135906}.Debug|Any CPU.Build.0 = Debug|Any CPU
		{95B8D4FA-D4D2-4C8A-A566-19AA2D135906}.Release|Any CPU.ActiveCfg = Release|Any CPU
		{95B8D4FA-D4D2-4C8A-A566-19AA2D135906}.Release|Any CPU.Build.0 = Release|Any CPU
	EndGlobalSection
	GlobalSection(SolutionProperties) = preSolution
		HideSolutionNode = FALSE
	EndGlobalSection
EndGlobal
